
Microsoft Visual Studio Solution File, Format Version 12.00
# Visual Studio Version 16
VisualStudioVersion = 16.0.30523.141
MinimumVisualStudioVersion = 10.0.40219.1
Project("{FAE04EC0-301F-11D3-BF4B-00C04F79EFBC}") = "DeleteFile", "DeleteFile.csproj", "{504584C2-8584-4A6F-B148-56A0AD1B2D4F}"
EndProject
Global
	GlobalSection(SolutionConfigurationPlatforms) = preSolution
		Debug|Any CPU = Debug|Any CPU
		Release|Any CPU = Release|Any CPU
	EndGlobalSection
	GlobalSection(ProjectConfigurationPlatforms) = postSolution
		{504584C2-8584-4A6F-B148-56A0AD1B2D4F}.Debug|Any CPU.ActiveCfg = Debug|Any CPU
		{504584C2-8584-4A6F-B148-56A0AD1B2D4F}.Debug|Any CPU.Build.0 = Debug|Any CPU
		{504584C2-8584-4A6F-B148-56A0AD1B2D4F}.Release|Any CPU.ActiveCfg = Release|Any CPU
		{504584C2-8584-4A6F-B148-56A0AD1B2D4F}.Release|Any CPU.Build.0 = Release|Any CPU
	EndGlobalSection
	GlobalSection(SolutionProperties) = preSolution
		HideSolutionNode = FALSE
	EndGlobalSection
	GlobalSection(ExtensibilityGlobals) = postSolution
		SolutionGuid = {35339A75-76DE-4D57-92E4-3BDB44F003B5}
	EndGlobalSection
EndGlobal
